PODS:
  - Nimble (3.1.0)
  - PrettyGoodKVO (0.1.0)
  - Quick (0.9.1)

DEPENDENCIES:
  - Nimble
  - PrettyGoodKVO (from `.`)
  - Quick

EXTERNAL SOURCES:
  PrettyGoodKVO:
    :path: "."

SPEC CHECKSUMS:
  Nimble: 79d40f4d69d47314229bbabacaa02b8838c779b9
  PrettyGoodKVO: 42fc5c456db0562169529b6a4b22f3474b7b251c
  Quick: a5221fc21788b6aeda934805e68b061839bc3165

PODFILE CHECKSUM: b0581a7df21475e744cae494654acb1893f621ad

COCOAPODS: 1.0.0.beta.3
